
Microsoft Visual Studio Solution File, Format Version 12.00
# Visual Studio Version 17
VisualStudioVersion = 17.9.34701.34
MinimumVisualStudioVersion = 10.0.40219.1
Project("{FAE04EC0-301F-11D3-BF4B-00C04F79EFBC}") = "Anonymous Methods", "Anonymous Methods.csproj", "{1E11FDB3-5F90-426C-A8BF-B0F5A8E9FA83}"
EndProject
Global
	GlobalSection(SolutionConfigurationPlatforms) = preSolution
		Debug|Any CPU = Debug|Any CPU
		Release|Any CPU = Release|Any CPU
	EndGlobalSection
	GlobalSection(ProjectConfigurationPlatforms) = postSolution
		{1E11FDB3-5F90-426C-A8BF-B0F5A8E9FA83}.Debug|Any CPU.ActiveCfg = Debug|Any CPU
		{1E11FDB3-5F90-426C-A8BF-B0F5A8E9FA83}.Debug|Any CPU.Build.0 = Debug|Any CPU
		{1E11FDB3-5F90-426C-A8BF-B0F5A8E9FA83}.Release|Any CPU.ActiveCfg = Release|Any CPU
		{1E11FDB3-5F90-426C-A8BF-B0F5A8E9FA83}.Release|Any CPU.Build.0 = Release|Any CPU
	EndGlobalSection
	GlobalSection(SolutionProperties) = preSolution
		HideSolutionNode = FALSE
	EndGlobalSection
	GlobalSection(ExtensibilityGlobals) = postSolution
		SolutionGuid = {AC64243B-7F29-49DA-84A1-DA0D98D64F21}
	EndGlobalSection
EndGlobal
